
Microsoft Visual Studio Solution File, Format Version 12.00
# Visual Studio Version 16
VisualStudioVersion = 16.0.33801.447
MinimumVisualStudioVersion = 10.0.40219.1
Project("{FAE04EC0-301F-11D3-BF4B-00C04F79EFBC}") = "MVCDemo", "MVCDemo\MVCDemo.csproj", "{D40D1965-EFA3-4AD9-B60E-51019BD44E5D}"
EndProject
Project("{2150E333-8FDC-42A3-9474-1A3956D46DE8}") = "Solution Items", "Solution Items", "{49D337EE-D747-47FC-A0CB-051EC5A4A56C}"
	ProjectSection(SolutionItems) = preProject
		.editorconfig = .editorconfig
	EndProjectSection
EndProject
Global
	GlobalSection(SolutionConfigurationPlatforms) = preSolution
		Debug|Any CPU = Debug|Any CPU
		Release|Any CPU = Release|Any CPU
	EndGlobalSection
	GlobalSection(ProjectConfigurationPlatforms) = postSolution
		{D40D1965-EFA3-4AD9-B60E-51019BD44E5D}.Debug|Any CPU.ActiveCfg = Debug|Any CPU
		{D40D1965-EFA3-4AD9-B60E-51019BD44E5D}.Debug|Any CPU.Build.0 = Debug|Any CPU
		{D40D1965-EFA3-4AD9-B60E-51019BD44E5D}.Release|Any CPU.ActiveCfg = Release|Any CPU
		{D40D1965-EFA3-4AD9-B60E-51019BD44E5D}.Release|Any CPU.Build.0 = Release|Any CPU
	EndGlobalSection
	GlobalSection(SolutionProperties) = preSolution
		HideSolutionNode = FALSE
	EndGlobalSection
	GlobalSection(ExtensibilityGlobals) = postSolution
		SolutionGuid = {8E11136D-59F8-4381-AC01-AB8EE340F2D9}
	EndGlobalSection
EndGlobal
